
Microsoft Visual Studio Solution File, Format Version 12.00
Project("{FAE04EC0-301F-11D3-BF4B-00C04F79EFBC}") = "RestApi", "RestApi.csproj", "{40A4F915-5514-4B56-B4DE-C8C0B2C5D565}"
EndProject
Global
	GlobalSection(SolutionConfigurationPlatforms) = preSolution
		Debug|Any CPU = Debug|Any CPU
		Release|Any CPU = Release|Any CPU
	EndGlobalSection
	GlobalSection(ProjectConfigurationPlatforms) = postSolution
		{40A4F915-5514-4B56-B4DE-C8C0B2C5D565}.Debug|Any CPU.ActiveCfg = Debug|Any CPU
		{40A4F915-5514-4B56-B4DE-C8C0B2C5D565}.Debug|Any CPU.Build.0 = Debug|Any CPU
		{40A4F915-5514-4B56-B4DE-C8C0B2C5D565}.Release|Any CPU.ActiveCfg = Release|Any CPU
		{40A4F915-5514-4B56-B4DE-C8C0B2C5D565}.Release|Any CPU.Build.0 = Release|Any CPU
	EndGlobalSection
EndGlobal
